
Microsoft Visual Studio Solution File, Format Version 12.00
# Visual Studio Version 16
VisualStudioVersion = 16.0.30114.105
MinimumVisualStudioVersion = 10.0.40219.1
Project("{FAE04EC0-301F-11D3-BF4B-00C04F79EFBC}") = "CarRentApi", "src\CarRentApi\CarRentApi.csproj", "{79E2CA63-34DA-4DC5-A21F-3AC97C26DAEF}"
EndProject
Project("{FAE04EC0-301F-11D3-BF4B-00C04F79EFBC}") = "CarRentApi.Tests", "tests\CarRentApi.Tests\CarRentApi.Tests.csproj", "{1DC85E7F-0A2C-4B85-948E-B1CDCB903D68}"
EndProject
Global
	GlobalSection(SolutionConfigurationPlatforms) = preSolution
		Debug|Any CPU = Debug|Any CPU
		Release|Any CPU = Release|Any CPU
	EndGlobalSection
	GlobalSection(ProjectConfigurationPlatforms) = postSolution
		{79E2CA63-34DA-4DC5-A21F-3AC97C26DAEF}.Debug|Any CPU.ActiveCfg = Debug|Any CPU
		{79E2CA63-34DA-4DC5-A21F-3AC97C26DAEF}.Debug|Any CPU.Build.0 = Debug|Any CPU
		{79E2CA63-34DA-4DC5-A21F-3AC97C26DAEF}.Release|Any CPU.ActiveCfg = Release|Any CPU
		{79E2CA63-34DA-4DC5-A21F-3AC97C26DAEF}.Release|Any CPU.Build.0 = Release|Any CPU
		{1DC85E7F-0A2C-4B85-948E-B1CDCB903D68}.Debug|Any CPU.ActiveCfg = Debug|Any CPU
		{1DC85E7F-0A2C-4B85-948E-B1CDCB903D68}.Debug|Any CPU.Build.0 = Debug|Any CPU
		{1DC85E7F-0A2C-4B85-948E-B1CDCB903D68}.Release|Any CPU.ActiveCfg = Release|Any CPU
		{1DC85E7F-0A2C-4B85-948E-B1CDCB903D68}.Release|Any CPU.Build.0 = Release|Any CPU
	EndGlobalSection
	GlobalSection(SolutionProperties) = preSolution
		HideSolutionNode = FALSE
	EndGlobalSection
	GlobalSection(ExtensibilityGlobals) = postSolution
		SolutionGuid = {19020475-D3B3-4860-80CA-BE32FB840A59}
	EndGlobalSection
EndGlobal
